{
  "name": "Program",
  "lockfileVersion": 3,
  "requires": true,
  "packages": {
    "": {
      "devDependencies": {
        "elm-codec": "github:pravdomil/elm-codec",
        "elm-data": "github:pravdomil/elm-data",
        "elm-ffi": "github:pravdomil/elm-ffi",
        "elm-ffi-browser": "github:pravdomil/elm-ffi-browser",
        "elm-ffi-node": "github:pravdomil/elm-ffi-node",
        "elm-utils": "github:pravdomil/elm-utils",
        "pravdomil-ui": "github:pravdomil/pravdomil-ui"
      }
    },
    "node_modules/elm-codec": {
      "resolved": "git+ssh://git@github.com/pravdomil/elm-codec.git#91b78df96e9edf3c0c46fd2e031bd63b49260334",
      "dev": true
    },
    "node_modules/elm-data": {
      "resolved": "git+ssh://git@github.com/pravdomil/elm-data.git#f8096e2d79562239525fd7d762698c9f6a052911",
      "dev": true
    },
    "node_modules/elm-ffi": {
      "resolved": "git+ssh://git@github.com/pravdomil/elm-ffi.git#0c44166e064e6b4d77b07588ad27ee7611491e09",
      "dev": true,
      "bin": {
        "elm-ffi": "bin/elm-ffi"
      }
    },
    "node_modules/elm-ffi-browser": {
      "resolved": "git+ssh://git@github.com/pravdomil/elm-ffi-browser.git#6cad25442d5e4c1068a8a834d4055c843f96d920",
      "dev": true
    },
    "node_modules/elm-ffi-node": {
      "resolved": "git+ssh://git@github.com/pravdomil/elm-ffi-node.git#671bb59f32313c8bc29baf897dae712c8484b4ae",
      "dev": true
    },
    "node_modules/elm-utils": {
      "resolved": "git+ssh://git@github.com/pravdomil/elm-utils.git#fa42a397248a48d79bea65c054a836628b45a60e",
      "dev": true
    },
    "node_modules/pravdomil-ui": {
      "resolved": "git+ssh://git@github.com/pravdomil/pravdomil-ui.git#a990617d2260abeff6b593b299e06894539d3219",
      "dev": true
    }
  }
}
